github.com/mjwhitta/errors v1.0.8 h1:CcuSFrF/jcF6JJNORDpIC27tXK/HNRmDOIyZckGjSEc=
github.com/mjwhitta/errors v1.0.8/go.mod h1:RnS1GAoLGQTUZN41OcAl/q5LJknZizTa2L0dTPKKHyM=
github.com/mjwhitta/win v0.31.10 h1:u2JWbiMC13akPT3u6QO006cojb60O948mbmKjlEaKys=
github.com/mjwhitta/win v0.31.10/go.mod h1:N6TNYAtFktqeSN3jk9oXqtawft0wCq3g+Gh31XLspNM=
golang.org/x/sys v0.46.0 h1:noSf2Fq6F8DBgS+LysIkx7rIExoNHJsxOAtPp4rthXw=
golang.org/x/sys v0.46.0/go.mod h1:4GL1E5IUh+htKOUEOaiffhrAeqysfVGipDYzABqnCmw=
