github.com/mjwhitta/errors v1.0.7 h1:gj4MNIc/DiZMZ7B0+Tz/0ExhpwurzOmuO3THTJZGkHw=
github.com/mjwhitta/errors v1.0.7/go.mod h1:NoDi7MJLuXJuf69DeHiQMveI72TcKJdEAGVb2JJOVOs=
github.com/mjwhitta/win v0.30.0 h1:S9JQI9i4GxSuy+J4HohIPmoFm+IKLqIus3Ipc4tRr+k=
github.com/mjwhitta/win v0.30.0/go.mod h1:8qschLn/KDeBytBcSOKJUS+iZghpkjHGPmOq2DQJrnA=
golang.org/x/sys v0.38.0 h1:3yZWxaJjBmCWXqhN1qh02AkOnCQ1poK6oF+a7xWL6Gc=
golang.org/x/sys v0.38.0/go.mod h1:OgkHotnGiDImocRcuBABYBEXf8A9a87e/uXjp9XT3ks=
